
Microsoft Visual Studio Solution File, Format Version 12.00
# Visual Studio Version 17
VisualStudioVersion = 17.0.31903.59
MinimumVisualStudioVersion = 10.0.40219.1
Project("{FAE04EC0-301F-11D3-BF4B-00C04F79EFBC}") = "TerningApp.UI", "TerningApp.UI\TerningApp.UI.csproj", "{4C9FE327-4ABB-4599-9540-D06163F7804E}"
EndProject
Project("{FAE04EC0-301F-11D3-BF4B-00C04F79EFBC}") = "TerningApp.Typer", "TerningApp.Typer\TerningApp.Typer.csproj", "{3A57101D-F7D1-4FD5-8312-970CA98ACC96}"
EndProject
Project("{FAE04EC0-301F-11D3-BF4B-00C04F79EFBC}") = "TerningApp.Test", "TerningApp.Test\TerningApp.Test.csproj", "{7E64F3A6-D763-4044-B68C-A057AA62BE21}"
EndProject
Global
	GlobalSection(SolutionConfigurationPlatforms) = preSolution
		Debug|Any CPU = Debug|Any CPU
		Release|Any CPU = Release|Any CPU
	EndGlobalSection
	GlobalSection(SolutionProperties) = preSolution
		HideSolutionNode = FALSE
	EndGlobalSection
	GlobalSection(ProjectConfigurationPlatforms) = postSolution
		{4C9FE327-4ABB-4599-9540-D06163F7804E}.Debug|Any CPU.ActiveCfg = Debug|Any CPU
		{4C9FE327-4ABB-4599-9540-D06163F7804E}.Debug|Any CPU.Build.0 = Debug|Any CPU
		{4C9FE327-4ABB-4599-9540-D06163F7804E}.Release|Any CPU.ActiveCfg = Release|Any CPU
		{4C9FE327-4ABB-4599-9540-D06163F7804E}.Release|Any CPU.Build.0 = Release|Any CPU
		{3A57101D-F7D1-4FD5-8312-970CA98ACC96}.Debug|Any CPU.ActiveCfg = Debug|Any CPU
		{3A57101D-F7D1-4FD5-8312-970CA98ACC96}.Debug|Any CPU.Build.0 = Debug|Any CPU
		{3A57101D-F7D1-4FD5-8312-970CA98ACC96}.Release|Any CPU.ActiveCfg = Release|Any CPU
		{3A57101D-F7D1-4FD5-8312-970CA98ACC96}.Release|Any CPU.Build.0 = Release|Any CPU
		{7E64F3A6-D763-4044-B68C-A057AA62BE21}.Debug|Any CPU.ActiveCfg = Debug|Any CPU
		{7E64F3A6-D763-4044-B68C-A057AA62BE21}.Debug|Any CPU.Build.0 = Debug|Any CPU
		{7E64F3A6-D763-4044-B68C-A057AA62BE21}.Release|Any CPU.ActiveCfg = Release|Any CPU
		{7E64F3A6-D763-4044-B68C-A057AA62BE21}.Release|Any CPU.Build.0 = Release|Any CPU
	EndGlobalSection
EndGlobal
